// !$*UTF8*$!
{
	archiveVersion = 1;
	classes = {
	};
	objectVersion = 77;
	objects = {

/* Begin PBXContainerItemProxy section */
		3DA042E42D66636100933130 /* PBXContainerItemProxy */ = {
			isa = PBXContainerItemProxy;
			containerPortal = 3DA042CB2D66635F00933130 /* Project object */;
			proxyType = 1;
			remoteGlobalIDString = 3DA042D22D66635F00933130;
			remoteInfo = LittleLemonDinnerMenu;
		};
		3DA042EE2D66636100933130 /* PBXContainerItemProxy */ = {
			isa = PBXContainerItemProxy;
			containerPortal = 3DA042CB2D66635F00933130 /* Project object */;
			proxyType = 1;
			remoteGlobalIDString = 3DA042D22D66635F00933130;
			remoteInfo = LittleLemonDinnerMenu;
		};
/* End PBXContainerItemProxy section */

/* Begin PBXFileReference section */
		3DA042D32D66635F00933130 /* LittleLemonDinnerMenu.app */ = {isa = PBXFileReference; explicitFileType = wrapper.application; includeInIndex = 0; path = LittleLemonDinnerMenu.app; sourceTree = BUILT_PRODUCTS_DIR; };
		3DA042E32D66636100933130 /* LittleLemonDinnerMenuTests.xctest */ = {isa = PBXFileReference; explicitFileType = wrapper.cfbundle; includeInIndex = 0; path = LittleLemonDinnerMenuTests.xctest; sourceTree = BUILT_PRODUCTS_DIR; };
		3DA042ED2D66636100933130 /* LittleLemonDinnerMenuUITests.xctest */ = {isa = PBXFileReference; explicitFileType = wrapper.cfbundle; includeInIndex = 0; path = LittleLemonDinnerMenuUITests.xctest; sourceTree = BUILT_PRODUCTS_DIR; };
/* End PBXFileReference section */

/* Begin PBXFileSystemSynchronizedRootGroup section */
		3DA042D52D66635F00933130 /* LittleLemonDinnerMenu */ = {
			isa = PBXFileSystemSynchronizedRootGroup;
			path = LittleLemonDinnerMenu;
			sourceTree = "<group>";
		};
		3DA042E62D66636100933130 /* LittleLemonDinnerMenuTests */ = {
			isa = PBXFileSystemSynchronizedRootGroup;
			path = LittleLemonDinnerMenuTests;
			sourceTree = "<group>";
		};
		3DA042F02D66636100933130 /* LittleLemonDinnerMenuUITests */ = {
			isa = PBXFileSystemSynchronizedRootGroup;
			path = LittleLemonDinnerMenuUITests;
			sourceTree = "<group>";
		};
/* End PBXFileSystemSynchronizedRootGroup section */

/* Begin PBXFrameworksBuildPhase section */
		3DA042D02D66635F00933130 /* Frameworks */ = {
			isa = PBXFrameworksBuildPhase;
			buildActionMask = 2147483647;
			files = (
			);
			runOnlyForDeploymentPostprocessing = 0;
		};
		3DA042E02D66636100933130 /* Frameworks */ = {
			isa = PBXFrameworksBuildPhase;
			buildActionMask = 2147483647;
			files = (
			);
			runOnlyForDeploymentPostprocessing = 0;
		};
		3DA042EA2D66636100933130 /* Frameworks */ = {
			isa = PBXFrameworksBuildPhase;
			buildActionMask = 2147483647;
			files = (
			);
			runOnlyForDeploymentPostprocessing = 0;
		};
/* End PBXFrameworksBuildPhase section */

/* Begin PBXGroup section */
		3DA042CA2D66635F00933130 = {
			isa = PBXGroup;
			children = (
				3DA042D52D66635F00933130 /* LittleLemonDinnerMenu */,
				3DA042E62D66636100933130 /* LittleLemonDinnerMenuTests */,
				3DA042F02D66636100933130 /* LittleLemonDinnerMenuUITests */,
				3DA042D42D66635F00933130 /* Products */,
			);
			sourceTree = "<group>";
		};
		3DA042D42D66635F00933130 /* Products */ = {
			isa = PBXGroup;
			children = (
				3DA042D32D66635F00933130 /* LittleLemonDinnerMenu.app */,
				3DA042E32D66636100933130 /* LittleLemonDinnerMenuTests.xctest */,
				3DA042ED2D66636100933130 /* LittleLemonDinnerMenuUITests.xctest */,
			);
			name = Products;
			sourceTree = "<group>";
		};
/* End PBXGroup section */

/* Begin PBXNativeTarget section */
		3DA042D22D66635F00933130 /* LittleLemonDinnerMenu */ = {
			isa = PBXNativeTarget;
			buildConfigurationList = 3DA042F72D66636100933130 /* Build configuration list for PBXNativeTarget "LittleLemonDinnerMenu" */;
			buildPhases = (
				3DA042CF2D66635F00933130 /* Sources */,
				3DA042D02D66635F00933130 /* Frameworks */,
				3DA042D12D66635F00933130 /* Resources */,
			);
			buildRules = (
			);
			dependencies = (
			);
			fileSystemSynchronizedGroups = (
				3DA042D52D66635F00933130 /* LittleLemonDinnerMenu */,
			);
			name = LittleLemonDinnerMenu;
			packageProductDependencies = (
			);
			productName = LittleLemonDinnerMenu;
			productReference = 3DA042D32D66635F00933130 /* LittleLemonDinnerMenu.app */;
			productType = "com.apple.product-type.application";
		};
		3DA042E22D66636100933130 /* LittleLemonDinnerMenuTests */ = {
			isa = PBXNativeTarget;
			buildConfigurationList = 3DA042FA2D66636100933130 /* Build configuration list for PBXNativeTarget "LittleLemonDinnerMenuTests" */;
			buildPhases = (
				3DA042DF2D66636100933130 /* Sources */,
				3DA042E02D66636100933130 /* Frameworks */,
				3DA042E12D66636100933130 /* Resources */,
			);
			buildRules = (
			);
			dependencies = (
				3DA042E52D66636100933130 /* PBXTargetDependency */,
			);
			fileSystemSynchronizedGroups = (
				3DA042E62D66636100933130 /* LittleLemonDinnerMenuTests */,
			);
			name = LittleLemonDinnerMenuTests;
			packageProductDependencies = (
			);
			productName = LittleLemonDinnerMenuTests;
			productReference = 3DA042E32D66636100933130 /* LittleLemonDinnerMenuTests.xctest */;
			productType = "com.apple.product-type.bundle.unit-test";
		};
		3DA042EC2D66636100933130 /* LittleLemonDinnerMenuUITests */ = {
			isa = PBXNativeTarget;
			buildConfigurationList = 3DA042FD2D66636100933130 /* Build configuration list for PBXNativeTarget "LittleLemonDinnerMenuUITests" */;
			buildPhases = (
				3DA042E92D66636100933130 /* Sources */,
				3DA042EA2D66636100933130 /* Frameworks */,
				3DA042EB2D66636100933130 /* Resources */,
			);
			buildRules = (
			);
			dependencies = (
				3DA042EF2D66636100933130 /* PBXTargetDependency */,
			);
			fileSystemSynchronizedGroups = (
				3DA042F02D66636100933130 /* LittleLemonDinnerMenuUITests */,
			);
			name = LittleLemonDinnerMenuUITests;
			packageProductDependencies = (
			);
			productName = LittleLemonDinnerMenuUITests;
			productReference = 3DA042ED2D66636100933130 /* LittleLemonDinnerMenuUITests.xctest */;
			productType = "com.apple.product-type.bundle.ui-testing";
		};
/* End PBXNativeTarget section */

/* Begin PBXProject section */
		3DA042CB2D66635F00933130 /* Project object */ = {
			isa = PBXProject;
			attributes = {
				BuildIndependentTargetsInParallel = 1;
				LastSwiftUpdateCheck = 1620;
				LastUpgradeCheck = 1620;
				TargetAttributes = {
					3DA042D22D66635F00933130 = {
						CreatedOnToolsVersion = 16.2;
					};
					3DA042E22D66636100933130 = {
						CreatedOnToolsVersion = 16.2;
						TestTargetID = 3DA042D22D66635F00933130;
					};
					3DA042EC2D66636100933130 = {
						CreatedOnToolsVersion = 16.2;
						TestTargetID = 3DA042D22D66635F00933130;
					};
				};
			};
			buildConfigurationList = 3DA042CE2D66635F00933130 /* Build configuration list for PBXProject "LittleLemonDinnerMenu" */;
			developmentRegion = en;
			hasScannedForEncodings = 0;
			knownRegions = (
				en,
				Base,
			);
			mainGroup = 3DA042CA2D66635F00933130;
			minimizedProjectReferenceProxies = 1;
			preferredProjectObjectVersion = 77;
			productRefGroup = 3DA042D42D66635F00933130 /* Products */;
			projectDirPath = "";
			projectRoot = "";
			targets = (
				3DA042D22D66635F00933130 /* LittleLemonDinnerMenu */,
				3DA042E22D66636100933130 /* LittleLemonDinnerMenuTests */,
				3DA042EC2D66636100933130 /* LittleLemonDinnerMenuUITests */,
			);
		};
/* End PBXProject section */

/* Begin PBXResourcesBuildPhase section */
		3DA042D12D66635F00933130 /* Resources */ = {
			isa = PBXResourcesBuildPhase;
			buildActionMask = 2147483647;
			files = (
			);
			runOnlyForDeploymentPostprocessing = 0;
		};
		3DA042E12D66636100933130 /* Resources */ = {
			isa = PBXResourcesBuildPhase;
			buildActionMask = 2147483647;
			files = (
			);
			runOnlyForDeploymentPostprocessing = 0;
		};
		3DA042EB2D66636100933130 /* Resources */ = {
			isa = PBXResourcesBuildPhase;
			buildActionMask = 2147483647;
			files = (
			);
			runOnlyForDeploymentPostprocessing = 0;
		};
/* End PBXResourcesBuildPhase section */

/* Begin PBXSourcesBuildPhase section */
		3DA042CF2D66635F00933130 /* Sources */ = {
			isa = PBXSourcesBuildPhase;
			buildActionMask = 2147483647;
			files = (
			);
			runOnlyForDeploymentPostprocessing = 0;
		};
		3DA042DF2D66636100933130 /* Sources */ = {
			isa = PBXSourcesBuildPhase;
			buildActionMask = 2147483647;
			files = (
			);
			runOnlyForDeploymentPostprocessing = 0;
		};
		3DA042E92D66636100933130 /* Sources */ = {
			isa = PBXSourcesBuildPhase;
			buildActionMask = 2147483647;
			files = (
			);
			runOnlyForDeploymentPostprocessing = 0;
		};
/* End PBXSourcesBuildPhase section */

/* Begin PBXTargetDependency section */
		3DA042E52D66636100933130 /* PBXTargetDependency */ = {
			isa = PBXTargetDependency;
			target = 3DA042D22D66635F00933130 /* LittleLemonDinnerMenu */;
			targetProxy = 3DA042E42D66636100933130 /* PBXContainerItemProxy */;
		};
		3DA042EF2D66636100933130 /* PBXTargetDependency */ = {
			isa = PBXTargetDependency;
			target = 3DA042D22D66635F00933130 /* LittleLemonDinnerMenu */;
			targetProxy = 3DA042EE2D66636100933130 /* PBXContainerItemProxy */;
		};
/* End PBXTargetDependency section */

/* Begin XCBuildConfiguration section */
		3DA042F52D66636100933130 /* Debug */ = {
			isa = XCBuildConfiguration;
			buildSettings = {
				ALWAYS_SEARCH_USER_PATHS = NO;
				ASSETCATALOG_COMPILER_GENERATE_SWIFT_ASSET_SYMBOL_EXTENSIONS = YES;
				CLANG_ANALYZER_NONNULL = YES;
				CLANG_ANALYZER_NUMBER_OBJECT_CONVERSION = YES_AGGRESSIVE;
				CLANG_CXX_LANGUAGE_STANDARD = "gnu++20";
				CLANG_ENABLE_MODULES = YES;
				CLANG_ENABLE_OBJC_ARC = YES;
				CLANG_ENABLE_OBJC_WEAK = YES;
				CLANG_WARN_BLOCK_CAPTURE_AUTORELEASING = YES;
				CLANG_WARN_BOOL_CONVERSION = YES;
				CLANG_WARN_COMMA = YES;
				CLANG_WARN_CONSTANT_CONVERSION = YES;
				CLANG_WARN_DEPRECATED_OBJC_IMPLEMENTATIONS = YES;
				CLANG_WARN_DIRECT_OBJC_ISA_USAGE = YES_ERROR;
				CLANG_WARN_DOCUMENTATION_COMMENTS = YES;
				CLANG_WARN_EMPTY_BODY = YES;
				CLANG_WARN_ENUM_CONVERSION = YES;
				CLANG_WARN_INFINITE_RECURSION = YES;
				CLANG_WARN_INT_CONVERSION = YES;
				CLANG_WARN_NON_LITERAL_NULL_CONVERSION = YES;
				CLANG_WARN_OBJC_IMPLICIT_RETAIN_SELF = YES;
				CLANG_WARN_OBJC_LITERAL_CONVERSION = YES;
				CLANG_WARN_OBJC_ROOT_CLASS = YES_ERROR;
				CLANG_WARN_QUOTED_INCLUDE_IN_FRAMEWORK_HEADER = YES;
				CLANG_WARN_RANGE_LOOP_ANALYSIS = YES;
				CLANG_WARN_STRICT_PROTOTYPES = YES;
				CLANG_WARN_SUSPICIOUS_MOVE = YES;
				CLANG_WARN_UNGUARDED_AVAILABILITY = YES_AGGRESSIVE;
				CLANG_WARN_UNREACHABLE_CODE = YES;
				CLANG_WARN__DUPLICATE_METHOD_MATCH = YES;
				COPY_PHASE_STRIP = NO;
				DEBUG_INFORMATION_FORMAT = dwarf;
				ENABLE_STRICT_OBJC_MSGSEND = YES;
				ENABLE_TESTABILITY = YES;
				ENABLE_USER_SCRIPT_SANDBOXING = YES;
				GCC_C_LANGUAGE_STANDARD = gnu17;
				GCC_DYNAMIC_NO_PIC = NO;
				GCC_NO_COMMON_BLOCKS = YES;
				GCC_OPTIMIZATION_LEVEL = 0;
				GCC_PREPROCESSOR_DEFINITIONS = (
					"DEBUG=1",
					"$(inherited)",
				);
				GCC_WARN_64_TO_32_BIT_CONVERSION = YES;
				GCC_WARN_ABOUT_RETURN_TYPE = YES_ERROR;
				GCC_WARN_UNDECLARED_SELECTOR = YES;
				GCC_WARN_UNINITIALIZED_AUTOS = YES_AGGRESSIVE;
				GCC_WARN_UNUSED_FUNCTION = YES;
				GCC_WARN_UNUSED_VARIABLE = YES;
				IPHONEOS_DEPLOYMENT_TARGET = 18.2;
				LOCALIZATION_PREFERS_STRING_CATALOGS = YES;
				MTL_ENABLE_DEBUG_INFO = INCLUDE_SOURCE;
				MTL_FAST_MATH = YES;
				ONLY_ACTIVE_ARCH = YES;
				SDKROOT = iphoneos;
				SWIFT_ACTIVE_COMPILATION_CONDITIONS = "DEBUG $(inherited)";
				SWIFT_OPTIMIZATION_LEVEL = "-Onone";
			};
			name = Debug;
		};
		3DA042F62D66636100933130 /* Release */ = {
			isa = XCBuildConfiguration;
			buildSettings = {
				ALWAYS_SEARCH_USER_PATHS = NO;
				ASSETCATALOG_COMPILER_GENERATE_SWIFT_ASSET_SYMBOL_EXTENSIONS = YES;
				CLANG_ANALYZER_NONNULL = YES;
				CLANG_ANALYZER_NUMBER_OBJECT_CONVERSION = YES_AGGRESSIVE;
				CLANG_CXX_LANGUAGE_STANDARD = "gnu++20";
				CLANG_ENABLE_MODULES = YES;
				CLANG_ENABLE_OBJC_ARC = YES;
				CLANG_ENABLE_OBJC_WEAK = YES;
				CLANG_WARN_BLOCK_CAPTURE_AUTORELEASING = YES;
				CLANG_WARN_BOOL_CONVERSION = YES;
				CLANG_WARN_COMMA = YES;
				CLANG_WARN_CONSTANT_CONVERSION = YES;
				CLANG_WARN_DEPRECATED_OBJC_IMPLEMENTATIONS = YES;
				CLANG_WARN_DIRECT_OBJC_ISA_USAGE = YES_ERROR;
				CLANG_WARN_DOCUMENTATION_COMMENTS = YES;
				CLANG_WARN_EMPTY_BODY = YES;
				CLANG_WARN_ENUM_CONVERSION = YES;
				CLANG_WARN_INFINITE_RECURSION = YES;
				CLANG_WARN_INT_CONVERSION = YES;
				CLANG_WARN_NON_LITERAL_NULL_CONVERSION = YES;
				CLANG_WARN_OBJC_IMPLICIT_RETAIN_SELF = YES;
				CLANG_WARN_OBJC_LITERAL_CONVERSION = YES;
				CLANG_WARN_OBJC_ROOT_CLASS = YES_ERROR;
				CLANG_WARN_QUOTED_INCLUDE_IN_FRAMEWORK_HEADER = YES;
				CLANG_WARN_RANGE_LOOP_ANALYSIS = YES;
				CLANG_WARN_STRICT_PROTOTYPES = YES;
				CLANG_WARN_SUSPICIOUS_MOVE = YES;
				CLANG_WARN_UNGUARDED_AVAILABILITY = YES_AGGRESSIVE;
				CLANG_WARN_UNREACHABLE_CODE = YES;
				CLANG_WARN__DUPLICATE_METHOD_MATCH = YES;
				COPY_PHASE_STRIP = NO;
				DEBUG_INFORMATION_FORMAT = "dwarf-with-dsym";
				ENABLE_NS_ASSERTIONS = NO;
				ENABLE_STRICT_OBJC_MSGSEND = YES;
				ENABLE_USER_SCRIPT_SANDBOXING = YES;
				GCC_C_LANGUAGE_STANDARD = gnu17;
				GCC_NO_COMMON_BLOCKS = YES;
				GCC_WARN_64_TO_32_BIT_CONVERSION = YES;
				GCC_WARN_ABOUT_RETURN_TYPE = YES_ERROR;
				GCC_WARN_UNDECLARED_SELECTOR = YES;
				GCC_WARN_UNINITIALIZED_AUTOS = YES_AGGRESSIVE;
				GCC_WARN_UNUSED_FUNCTION = YES;
				GCC_WARN_UNUSED_VARIABLE = YES;
				IPHONEOS_DEPLOYMENT_TARGET = 18.2;
				LOCALIZATION_PREFERS_STRING_CATALOGS = YES;
				MTL_ENABLE_DEBUG_INFO = NO;
				MTL_FAST_MATH = YES;
				SDKROOT = iphoneos;
				SWIFT_COMPILATION_MODE = wholemodule;
				VALIDATE_PRODUCT = YES;
			};
			name = Release;
		};
		3DA042F82D66636100933130 /* Debug */ = {
			isa = XCBuildConfiguration;
			buildSettings = {
				ASSETCATALOG_COMPILER_APPICON_NAME = AppIcon;
				ASSETCATALOG_COMPILER_GLOBAL_ACCENT_COLOR_NAME = AccentColor;
				CODE_SIGN_STYLE = Automatic;
				CURRENT_PROJECT_VERSION = 1;
				DEVELOPMENT_ASSET_PATHS = "\"LittleLemonDinnerMenu/Preview Content\"";
				DEVELOPMENT_TEAM = 5Z89XFGP6B;
				ENABLE_PREVIEWS = YES;
				GENERATE_INFOPLIST_FILE = YES;
				INFOPLIST_KEY_UIApplicationSceneManifest_Generation = YES;
				INFOPLIST_KEY_UIApplicationSupportsIndirectInputEvents = YES;
				INFOPLIST_KEY_UILaunchScreen_Generation = YES;
				INFOPLIST_KEY_UISupportedInterfaceOrientations_iPad = "UIInterfaceOrientationPortrait UIInterfaceOrientationPortraitUpsideDown UIInterfaceOrientationLandscapeLeft UIInterfaceOrientationLandscapeRight";
				INFOPLIST_KEY_UISupportedInterfaceOrientations_iPhone = "UIInterfaceOrientationPortrait UIInterfaceOrientationLandscapeLeft UIInterfaceOrientationLandscapeRight";
				LD_RUNPATH_SEARCH_PATHS = (
					"$(inherited)",
					"@executable_path/Frameworks",
				);
				MARKETING_VERSION = 1.0;
				PRODUCT_BUNDLE_IDENTIFIER = littlelemon.LittleLemonDinnerMenu;
				PRODUCT_NAME = "$(TARGET_NAME)";
				SWIFT_EMIT_LOC_STRINGS = YES;
				SWIFT_VERSION = 5.0;
				TARGETED_DEVICE_FAMILY = "1,2";
			};
			name = Debug;
		};
		3DA042F92D66636100933130 /* Release */ = {
			isa = XCBuildConfiguration;
			buildSettings = {
				ASSETCATALOG_COMPILER_APPICON_NAME = AppIcon;
				ASSETCATALOG_COMPILER_GLOBAL_ACCENT_COLOR_NAME = AccentColor;
				CODE_SIGN_STYLE = Automatic;
				CURRENT_PROJECT_VERSION = 1;
				DEVELOPMENT_ASSET_PATHS = "\"LittleLemonDinnerMenu/Preview Content\"";
				DEVELOPMENT_TEAM = 5Z89XFGP6B;
				ENABLE_PREVIEWS = YES;
				GENERATE_INFOPLIST_FILE = YES;
				INFOPLIST_KEY_UIApplicationSceneManifest_Generation = YES;
				INFOPLIST_KEY_UIApplicationSupportsIndirectInputEvents = YES;
				INFOPLIST_KEY_UILaunchScreen_Generation = YES;
				INFOPLIST_KEY_UISupportedInterfaceOrientations_iPad = "UIInterfaceOrientationPortrait UIInterfaceOrientationPortraitUpsideDown UIInterfaceOrientationLandscapeLeft UIInterfaceOrientationLandscapeRight";
				INFOPLIST_KEY_UISupportedInterfaceOrientations_iPhone = "UIInterfaceOrientationPortrait UIInterfaceOrientationLandscapeLeft UIInterfaceOrientationLandscapeRight";
				LD_RUNPATH_SEARCH_PATHS = (
					"$(inherited)",
					"@executable_path/Frameworks",
				);
				MARKETING_VERSION = 1.0;
				PRODUCT_BUNDLE_IDENTIFIER = littlelemon.LittleLemonDinnerMenu;
				PRODUCT_NAME = "$(TARGET_NAME)";
				SWIFT_EMIT_LOC_STRINGS = YES;
				SWIFT_VERSION = 5.0;
				TARGETED_DEVICE_FAMILY = "1,2";
			};
			name = Release;
		};
		3DA042FB2D66636100933130 /* Debug */ = {
			isa = XCBuildConfiguration;
			buildSettings = {
				BUNDLE_LOADER = "$(TEST_HOST)";
				CODE_SIGN_STYLE = Automatic;
				CURRENT_PROJECT_VERSION = 1;
				DEVELOPMENT_TEAM = 5Z89XFGP6B;
				GENERATE_INFOPLIST_FILE = YES;
				IPHONEOS_DEPLOYMENT_TARGET = 18.2;
				MARKETING_VERSION = 1.0;
				PRODUCT_BUNDLE_IDENTIFIER = littlelemon.LittleLemonDinnerMenuTests;
				PRODUCT_NAME = "$(TARGET_NAME)";
				SWIFT_EMIT_LOC_STRINGS = NO;
				SWIFT_VERSION = 5.0;
				TARGETED_DEVICE_FAMILY = "1,2";
				TEST_HOST = "$(BUILT_PRODUCTS_DIR)/LittleLemonDinnerMenu.app/$(BUNDLE_EXECUTABLE_FOLDER_PATH)/LittleLemonDinnerMenu";
			};
			name = Debug;
		};
		3DA042FC2D66636100933130 /* Release */ = {
			isa = XCBuildConfiguration;
			buildSettings = {
				BUNDLE_LOADER = "$(TEST_HOST)";
				CODE_SIGN_STYLE = Automatic;
				CURRENT_PROJECT_VERSION = 1;
				DEVELOPMENT_TEAM = 5Z89XFGP6B;
				GENERATE_INFOPLIST_FILE = YES;
				IPHONEOS_DEPLOYMENT_TARGET = 18.2;
				MARKETING_VERSION = 1.0;
				PRODUCT_BUNDLE_IDENTIFIER = littlelemon.LittleLemonDinnerMenuTests;
				PRODUCT_NAME = "$(TARGET_NAME)";
				SWIFT_EMIT_LOC_STRINGS = NO;
				SWIFT_VERSION = 5.0;
				TARGETED_DEVICE_FAMILY = "1,2";
				TEST_HOST = "$(BUILT_PRODUCTS_DIR)/LittleLemonDinnerMenu.app/$(BUNDLE_EXECUTABLE_FOLDER_PATH)/LittleLemonDinnerMenu";
			};
			name = Release;
		};
		3DA042FE2D66636100933130 /* Debug */ = {
			isa = XCBuildConfiguration;
			buildSettings = {
				CODE_SIGN_STYLE = Automatic;
				CURRENT_PROJECT_VERSION = 1;
				DEVELOPMENT_TEAM = 5Z89XFGP6B;
				GENERATE_INFOPLIST_FILE = YES;
				MARKETING_VERSION = 1.0;
				PRODUCT_BUNDLE_IDENTIFIER = littlelemon.LittleLemonDinnerMenuUITests;
				PRODUCT_NAME = "$(TARGET_NAME)";
				SWIFT_EMIT_LOC_STRINGS = NO;
				SWIFT_VERSION = 5.0;
				TARGETED_DEVICE_FAMILY = "1,2";
				TEST_TARGET_NAME = LittleLemonDinnerMenu;
			};
			name = Debug;
		};
		3DA042FF2D66636100933130 /* Release */ = {
			isa = XCBuildConfiguration;
			buildSettings = {
				CODE_SIGN_STYLE = Automatic;
				CURRENT_PROJECT_VERSION = 1;
				DEVELOPMENT_TEAM = 5Z89XFGP6B;
				GENERATE_INFOPLIST_FILE = YES;
				MARKETING_VERSION = 1.0;
				PRODUCT_BUNDLE_IDENTIFIER = littlelemon.LittleLemonDinnerMenuUITests;
				PRODUCT_NAME = "$(TARGET_NAME)";
				SWIFT_EMIT_LOC_STRINGS = NO;
				SWIFT_VERSION = 5.0;
				TARGETED_DEVICE_FAMILY = "1,2";
				TEST_TARGET_NAME = LittleLemonDinnerMenu;
			};
			name = Release;
		};
/* End XCBuildConfiguration section */

/* Begin XCConfigurationList section */
		3DA042CE2D66635F00933130 /* Build configuration list for PBXProject "LittleLemonDinnerMenu" */ = {
			isa = XCConfigurationList;
			buildConfigurations = (
				3DA042F52D66636100933130 /* Debug */,
				3DA042F62D66636100933130 /* Release */,
			);
			defaultConfigurationIsVisible = 0;
			defaultConfigurationName = Release;
		};
		3DA042F72D66636100933130 /* Build configuration list for PBXNativeTarget "LittleLemonDinnerMenu" */ = {
			isa = XCConfigurationList;
			buildConfigurations = (
				3DA042F82D66636100933130 /* Debug */,
				3DA042F92D66636100933130 /* Release */,
			);
			defaultConfigurationIsVisible = 0;
			defaultConfigurationName = Release;
		};
		3DA042FA2D66636100933130 /* Build configuration list for PBXNativeTarget "LittleLemonDinnerMenuTests" */ = {
			isa = XCConfigurationList;
			buildConfigurations = (
				3DA042FB2D66636100933130 /* Debug */,
				3DA042FC2D66636100933130 /* Release */,
			);
			defaultConfigurationIsVisible = 0;
			defaultConfigurationName = Release;
		};
		3DA042FD2D66636100933130 /* Build configuration list for PBXNativeTarget "LittleLemonDinnerMenuUITests" */ = {
			isa = XCConfigurationList;
			buildConfigurations = (
				3DA042FE2D66636100933130 /* Debug */,
				3DA042FF2D66636100933130 /* Release */,
			);
			defaultConfigurationIsVisible = 0;
			defaultConfigurationName = Release;
		};
/* End XCConfigurationList section */
	};
	rootObject = 3DA042CB2D66635F00933130 /* Project object */;
}
